// !$*UTF8*$!
{
	archiveVersion = 1;
	classes = {
	};
	objectVersion = 46;
	objects = {

/* Begin PBXBuildFile section */
		01C706D81C9DB0C10024E94A /* Blobfish.framework in Frameworks */ = {isa = PBXBuildFile; fileRef = 01C706D41C9DB0C10024E94A /* Blobfish.framework */; };
		01C706D91C9DB0C10024E94A /* Reachability.framework in Frameworks */ = {isa = PBXBuildFile; fileRef = 01C706D51C9DB0C10024E94A /* Reachability.framework */; };
		3022A95D1D12F1B000ADA737 /* Configuration.swift in Sources */ = {isa = PBXBuildFile; fileRef = 3022A95C1D12F1B000ADA737 /* Configuration.swift */; };
		3022A9601D13DFF400ADA737 /* Serializable.framework in Frameworks */ = {isa = PBXBuildFile; fileRef = 3022A95F1D13DFF400ADA737 /* Serializable.framework */; };
		304BDE9C1CF51F28004D2DA6 /* PaginatedResponse.swift in Sources */ = {isa = PBXBuildFile; fileRef = 304BDE9B1CF51F28004D2DA6 /* PaginatedResponse.swift */; };
		304BDE9E1CF51F78004D2DA6 /* SerializableParserUnwrapper.swift in Sources */ = {isa = PBXBuildFile; fileRef = 304BDE9D1CF51F78004D2DA6 /* SerializableParserUnwrapper.swift */; };
		30A036D51C9C12720073B505 /* Nodes.h in Headers */ = {isa = PBXBuildFile; fileRef = 30A036D41C9C12720073B505 /* Nodes.h */; settings = {ATTRIBUTES = (Public, ); }; };
		30A036DC1C9C12730073B505 /* Nodes.framework in Frameworks */ = {isa = PBXBuildFile; fileRef = 30A036D11C9C12720073B505 /* Nodes.framework */; };
		30A036E11C9C12730073B505 /* NodesTests.swift in Sources */ = {isa = PBXBuildFile; fileRef = 30A036E01C9C12730073B505 /* NodesTests.swift */; };
		30A036EC1C9C14970073B505 /* BlobfishConfiguration.swift in Sources */ = {isa = PBXBuildFile; fileRef = 30A036EB1C9C14970073B505 /* BlobfishConfiguration.swift */; };
		BDD823D41D54A4530081BA34 /* NodesUserAgent.swift in Sources */ = {isa = PBXBuildFile; fileRef = BDD823D31D54A4530081BA34 /* NodesUserAgent.swift */; };
/* End PBXBuildFile section */

/* Begin PBXContainerItemProxy section */
		30A036DD1C9C12730073B505 /* PBXContainerItemProxy */ = {
			isa = PBXContainerItemProxy;
			containerPortal = 30A036C81C9C12720073B505 /* Project object */;
			proxyType = 1;
			remoteGlobalIDString = 30A036D01C9C12720073B505;
			remoteInfo = Nodes;
		};
/* End PBXContainerItemProxy section */

/* Begin PBXFileReference section */
		01C706D41C9DB0C10024E94A /* Blobfish.framework */ = {isa = PBXFileReference; lastKnownFileType = wrapper.framework; name = Blobfish.framework; path = Carthage/Build/iOS/Blobfish.framework; sourceTree = "<group>"; };
		01C706D51C9DB0C10024E94A /* Reachability.framework */ = {isa = PBXFileReference; lastKnownFileType = wrapper.framework; name = Reachability.framework; path = Carthage/Build/iOS/Reachability.framework; sourceTree = "<group>"; };
		3022A95C1D12F1B000ADA737 /* Configuration.swift */ = {isa = PBXFileReference; fileEncoding = 4; lastKnownFileType = sourcecode.swift; path = Configuration.swift; sourceTree = "<group>"; };
		3022A95F1D13DFF400ADA737 /* Serializable.framework */ = {isa = PBXFileReference; lastKnownFileType = wrapper.framework; name = Serializable.framework; path = Carthage/Build/iOS/Serializable.framework; sourceTree = "<group>"; };
		304BDE9B1CF51F28004D2DA6 /* PaginatedResponse.swift */ = {isa = PBXFileReference; fileEncoding = 4; lastKnownFileType = sourcecode.swift; path = PaginatedResponse.swift; sourceTree = "<group>"; };
		304BDE9D1CF51F78004D2DA6 /* SerializableParserUnwrapper.swift */ = {isa = PBXFileReference; fileEncoding = 4; lastKnownFileType = sourcecode.swift; path = SerializableParserUnwrapper.swift; sourceTree = "<group>"; };
		30A036D11C9C12720073B505 /* Nodes.framework */ = {isa = PBXFileReference; explicitFileType = wrapper.framework; includeInIndex = 0; path = Nodes.framework; sourceTree = BUILT_PRODUCTS_DIR; };
		30A036D41C9C12720073B505 /* Nodes.h */ = {isa = PBXFileReference; lastKnownFileType = sourcecode.c.h; path = Nodes.h; sourceTree = "<group>"; };
		30A036D61C9C12720073B505 /* Info.plist */ = {isa = PBXFileReference; lastKnownFileType = text.plist.xml; path = Info.plist; sourceTree = "<group>"; };
		30A036DB1C9C12730073B505 /* NodesTests.xctest */ = {isa = PBXFileReference; explicitFileType = wrapper.cfbundle; includeInIndex = 0; path = NodesTests.xctest; sourceTree = BUILT_PRODUCTS_DIR; };
		30A036E01C9C12730073B505 /* NodesTests.swift */ = {isa = PBXFileReference; lastKnownFileType = sourcecode.swift; path = NodesTests.swift; sourceTree = "<group>"; };
		30A036E21C9C12730073B505 /* Info.plist */ = {isa = PBXFileReference; lastKnownFileType = text.plist.xml; path = Info.plist; sourceTree = "<group>"; };
		30A036EB1C9C14970073B505 /* BlobfishConfiguration.swift */ = {isa = PBXFileReference; fileEncoding = 4; lastKnownFileType = sourcecode.swift; path = BlobfishConfiguration.swift; sourceTree = "<group>"; };
		BDD823D31D54A4530081BA34 /* NodesUserAgent.swift */ = {isa = PBXFileReference; fileEncoding = 4; lastKnownFileType = sourcecode.swift; path = NodesUserAgent.swift; sourceTree = "<group>"; };
/* End PBXFileReference section */

/* Begin PBXFrameworksBuildPhase section */
		30A036CD1C9C12720073B505 /* Frameworks */ = {
			isa = PBXFrameworksBuildPhase;
			buildActionMask = 2147483647;
			files = (
				01C706D91C9DB0C10024E94A /* Reachability.framework in Frameworks */,
				01C706D81C9DB0C10024E94A /* Blobfish.framework in Frameworks */,
				3022A9601D13DFF400ADA737 /* Serializable.framework in Frameworks */,
			);
			runOnlyForDeploymentPostprocessing = 0;
		};
		30A036D81C9C12730073B505 /* Frameworks */ = {
			isa = PBXFrameworksBuildPhase;
			buildActionMask = 2147483647;
			files = (
				30A036DC1C9C12730073B505 /* Nodes.framework in Frameworks */,
			);
			runOnlyForDeploymentPostprocessing = 0;
		};
/* End PBXFrameworksBuildPhase section */

/* Begin PBXGroup section */
		30A036C71C9C12720073B505 = {
			isa = PBXGroup;
			children = (
				30A036D31C9C12720073B505 /* Nodes */,
				30A036DF1C9C12730073B505 /* NodesTests */,
				30A036D21C9C12720073B505 /* Products */,
				30A036ED1C9C24A50073B505 /* Frameworks */,
			);
			sourceTree = "<group>";
		};
		30A036D21C9C12720073B505 /* Products */ = {
			isa = PBXGroup;
			children = (
				30A036D11C9C12720073B505 /* Nodes.framework */,
				30A036DB1C9C12730073B505 /* NodesTests.xctest */,
			);
			name = Products;
			sourceTree = "<group>";
		};
		30A036D31C9C12720073B505 /* Nodes */ = {
			isa = PBXGroup;
			children = (
				30A036D41C9C12720073B505 /* Nodes.h */,
				3022A95C1D12F1B000ADA737 /* Configuration.swift */,
				30A036EB1C9C14970073B505 /* BlobfishConfiguration.swift */,
				304BDE9D1CF51F78004D2DA6 /* SerializableParserUnwrapper.swift */,
				304BDE9B1CF51F28004D2DA6 /* PaginatedResponse.swift */,
				BDD823D31D54A4530081BA34 /* NodesUserAgent.swift */,
				30A036D61C9C12720073B505 /* Info.plist */,
			);
			path = Nodes;
			sourceTree = "<group>";
		};
		30A036DF1C9C12730073B505 /* NodesTests */ = {
			isa = PBXGroup;
			children = (
				30A036E01C9C12730073B505 /* NodesTests.swift */,
				30A036E21C9C12730073B505 /* Info.plist */,
			);
			path = NodesTests;
			sourceTree = "<group>";
		};
		30A036ED1C9C24A50073B505 /* Frameworks */ = {
			isa = PBXGroup;
			children = (
				3022A95F1D13DFF400ADA737 /* Serializable.framework */,
				01C706D41C9DB0C10024E94A /* Blobfish.framework */,
				01C706D51C9DB0C10024E94A /* Reachability.framework */,
			);
			name = Frameworks;
			sourceTree = "<group>";
		};
/* End PBXGroup section */

/* Begin PBXHeadersBuildPhase section */
		30A036CE1C9C12720073B505 /* Headers */ = {
			isa = PBXHeadersBuildPhase;
			buildActionMask = 2147483647;
			files = (
				30A036D51C9C12720073B505 /* Nodes.h in Headers */,
			);
			runOnlyForDeploymentPostprocessing = 0;
		};
/* End PBXHeadersBuildPhase section */

/* Begin PBXNativeTarget section */
		30A036D01C9C12720073B505 /* Nodes */ = {
			isa = PBXNativeTarget;
			buildConfigurationList = 30A036E51C9C12730073B505 /* Build configuration list for PBXNativeTarget "Nodes" */;
			buildPhases = (
				30A036CC1C9C12720073B505 /* Sources */,
				30A036CD1C9C12720073B505 /* Frameworks */,
				30A036CE1C9C12720073B505 /* Headers */,
				30A036CF1C9C12720073B505 /* Resources */,
			);
			buildRules = (
			);
			dependencies = (
			);
			name = Nodes;
			productName = Nodes;
			productReference = 30A036D11C9C12720073B505 /* Nodes.framework */;
			productType = "com.apple.product-type.framework";
		};
		30A036DA1C9C12730073B505 /* NodesTests */ = {
			isa = PBXNativeTarget;
			buildConfigurationList = 30A036E81C9C12730073B505 /* Build configuration list for PBXNativeTarget "NodesTests" */;
			buildPhases = (
				30A036D71C9C12730073B505 /* Sources */,
				30A036D81C9C12730073B505 /* Frameworks */,
				30A036D91C9C12730073B505 /* Resources */,
			);
			buildRules = (
			);
			dependencies = (
				30A036DE1C9C12730073B505 /* PBXTargetDependency */,
			);
			name = NodesTests;
			productName = NodesTests;
			productReference = 30A036DB1C9C12730073B505 /* NodesTests.xctest */;
			productType = "com.apple.product-type.bundle.unit-test";
		};
/* End PBXNativeTarget section */

/* Begin PBXProject section */
		30A036C81C9C12720073B505 /* Project object */ = {
			isa = PBXProject;
			attributes = {
				LastSwiftUpdateCheck = 0730;
				LastUpgradeCheck = 0730;
				ORGANIZATIONNAME = Nodes;
				TargetAttributes = {
					30A036D01C9C12720073B505 = {
						CreatedOnToolsVersion = 7.3;
						LastSwiftMigration = 0800;
					};
					30A036DA1C9C12730073B505 = {
						CreatedOnToolsVersion = 7.3;
						LastSwiftMigration = 0800;
					};
				};
			};
			buildConfigurationList = 30A036CB1C9C12720073B505 /* Build configuration list for PBXProject "Nodes" */;
			compatibilityVersion = "Xcode 3.2";
			developmentRegion = English;
			hasScannedForEncodings = 0;
			knownRegions = (
				en,
			);
			mainGroup = 30A036C71C9C12720073B505;
			productRefGroup = 30A036D21C9C12720073B505 /* Products */;
			projectDirPath = "";
			projectRoot = "";
			targets = (
				30A036D01C9C12720073B505 /* Nodes */,
				30A036DA1C9C12730073B505 /* NodesTests */,
			);
		};
/* End PBXProject section */

/* Begin PBXResourcesBuildPhase section */
		30A036CF1C9C12720073B505 /* Resources */ = {
			isa = PBXResourcesBuildPhase;
			buildActionMask = 2147483647;
			files = (
			);
			runOnlyForDeploymentPostprocessing = 0;
		};
		30A036D91C9C12730073B505 /* Resources */ = {
			isa = PBXResourcesBuildPhase;
			buildActionMask = 2147483647;
			files = (
			);
			runOnlyForDeploymentPostprocessing = 0;
		};
/* End PBXResourcesBuildPhase section */

/* Begin PBXSourcesBuildPhase section */
		30A036CC1C9C12720073B505 /* Sources */ = {
			isa = PBXSourcesBuildPhase;
			buildActionMask = 2147483647;
			files = (
				30A036EC1C9C14970073B505 /* BlobfishConfiguration.swift in Sources */,
				304BDE9C1CF51F28004D2DA6 /* PaginatedResponse.swift in Sources */,
				BDD823D41D54A4530081BA34 /* NodesUserAgent.swift in Sources */,
				3022A95D1D12F1B000ADA737 /* Configuration.swift in Sources */,
				304BDE9E1CF51F78004D2DA6 /* SerializableParserUnwrapper.swift in Sources */,
			);
			runOnlyForDeploymentPostprocessing = 0;
		};
		30A036D71C9C12730073B505 /* Sources */ = {
			isa = PBXSourcesBuildPhase;
			buildActionMask = 2147483647;
			files = (
				30A036E11C9C12730073B505 /* NodesTests.swift in Sources */,
			);
			runOnlyForDeploymentPostprocessing = 0;
		};
/* End PBXSourcesBuildPhase section */

/* Begin PBXTargetDependency section */
		30A036DE1C9C12730073B505 /* PBXTargetDependency */ = {
			isa = PBXTargetDependency;
			target = 30A036D01C9C12720073B505 /* Nodes */;
			targetProxy = 30A036DD1C9C12730073B505 /* PBXContainerItemProxy */;
		};
/* End PBXTargetDependency section */

/* Begin XCBuildConfiguration section */
		30A036E31C9C12730073B505 /* Debug */ = {
			isa = XCBuildConfiguration;
			buildSettings = {
				ALWAYS_SEARCH_USER_PATHS = NO;
				CLANG_ANALYZER_NONNULL = YES;
				CLANG_CXX_LANGUAGE_STANDARD = "gnu++0x";
				CLANG_CXX_LIBRARY = "libc++";
				CLANG_ENABLE_MODULES = YES;
				CLANG_ENABLE_OBJC_ARC = YES;
				CLANG_WARN_BOOL_CONVERSION = YES;
				CLANG_WARN_CONSTANT_CONVERSION = YES;
				CLANG_WARN_DIRECT_OBJC_ISA_USAGE = YES_ERROR;
				CLANG_WARN_EMPTY_BODY = YES;
				CLANG_WARN_ENUM_CONVERSION = YES;
				CLANG_WARN_INT_CONVERSION = YES;
				CLANG_WARN_OBJC_ROOT_CLASS = YES_ERROR;
				CLANG_WARN_UNREACHABLE_CODE = YES;
				CLANG_WARN__DUPLICATE_METHOD_MATCH = YES;
				"CODE_SIGN_IDENTITY[sdk=iphoneos*]" = "iPhone Developer";
				COPY_PHASE_STRIP = NO;
				CURRENT_PROJECT_VERSION = 1;
				DEBUG_INFORMATION_FORMAT = dwarf;
				ENABLE_STRICT_OBJC_MSGSEND = YES;
				ENABLE_TESTABILITY = YES;
				GCC_C_LANGUAGE_STANDARD = gnu99;
				GCC_DYNAMIC_NO_PIC = NO;
				GCC_NO_COMMON_BLOCKS = YES;
				GCC_OPTIMIZATION_LEVEL = 0;
				GCC_PREPROCESSOR_DEFINITIONS = (
					"DEBUG=1",
					"$(inherited)",
				);
				GCC_WARN_64_TO_32_BIT_CONVERSION = YES;
				GCC_WARN_ABOUT_RETURN_TYPE = YES_ERROR;
				GCC_WARN_UNDECLARED_SELECTOR = YES;
				GCC_WARN_UNINITIALIZED_AUTOS = YES_AGGRESSIVE;
				GCC_WARN_UNUSED_FUNCTION = YES;
				GCC_WARN_UNUSED_VARIABLE = YES;
				IPHONEOS_DEPLOYMENT_TARGET = 8.0;
				MTL_ENABLE_DEBUG_INFO = YES;
				ONLY_ACTIVE_ARCH = YES;
				SDKROOT = iphoneos;
				SWIFT_OPTIMIZATION_LEVEL = "-Onone";
				TARGETED_DEVICE_FAMILY = "1,2";
				VERSIONING_SYSTEM = "apple-generic";
				VERSION_INFO_PREFIX = "";
			};
			name = Debug;
		};
		30A036E41C9C12730073B505 /* Release */ = {
			isa = XCBuildConfiguration;
			buildSettings = {
				ALWAYS_SEARCH_USER_PATHS = NO;
				CLANG_ANALYZER_NONNULL = YES;
				CLANG_CXX_LANGUAGE_STANDARD = "gnu++0x";
				CLANG_CXX_LIBRARY = "libc++";
				CLANG_ENABLE_MODULES = YES;
				CLANG_ENABLE_OBJC_ARC = YES;
				CLANG_WARN_BOOL_CONVERSION = YES;
				CLANG_WARN_CONSTANT_CONVERSION = YES;
				CLANG_WARN_DIRECT_OBJC_ISA_USAGE = YES_ERROR;
				CLANG_WARN_EMPTY_BODY = YES;
				CLANG_WARN_ENUM_CONVERSION = YES;
				CLANG_WARN_INT_CONVERSION = YES;
				CLANG_WARN_OBJC_ROOT_CLASS = YES_ERROR;
				CLANG_WARN_UNREACHABLE_CODE = YES;
				CLANG_WARN__DUPLICATE_METHOD_MATCH = YES;
				"CODE_SIGN_IDENTITY[sdk=iphoneos*]" = "iPhone Developer";
				COPY_PHASE_STRIP = NO;
				CURRENT_PROJECT_VERSION = 1;
				DEBUG_INFORMATION_FORMAT = "dwarf-with-dsym";
				ENABLE_NS_ASSERTIONS = NO;
				ENABLE_STRICT_OBJC_MSGSEND = YES;
				GCC_C_LANGUAGE_STANDARD = gnu99;
				GCC_NO_COMMON_BLOCKS = YES;
				GCC_WARN_64_TO_32_BIT_CONVERSION = YES;
				GCC_WARN_ABOUT_RETURN_TYPE = YES_ERROR;
				GCC_WARN_UNDECLARED_SELECTOR = YES;
				GCC_WARN_UNINITIALIZED_AUTOS = YES_AGGRESSIVE;
				GCC_WARN_UNUSED_FUNCTION = YES;
				GCC_WARN_UNUSED_VARIABLE = YES;
				IPHONEOS_DEPLOYMENT_TARGET = 8.0;
				MTL_ENABLE_DEBUG_INFO = NO;
				SDKROOT = iphoneos;
				TARGETED_DEVICE_FAMILY = "1,2";
				VALIDATE_PRODUCT = YES;
				VERSIONING_SYSTEM = "apple-generic";
				VERSION_INFO_PREFIX = "";
			};
			name = Release;
		};
		30A036E61C9C12730073B505 /* Debug */ = {
			isa = XCBuildConfiguration;
			buildSettings = {
				CLANG_ENABLE_MODULES = YES;
				DEFINES_MODULE = YES;
				DYLIB_COMPATIBILITY_VERSION = 1;
				DYLIB_CURRENT_VERSION = 1;
				DYLIB_INSTALL_NAME_BASE = "@rpath";
				FRAMEWORK_SEARCH_PATHS = (
					"$(inherited)",
					"$(PROJECT_DIR)/Carthage/Build/iOS",
				);
				INFOPLIST_FILE = Nodes/Info.plist;
				INSTALL_PATH = "$(LOCAL_LIBRARY_DIR)/Frameworks";
				LD_RUNPATH_SEARCH_PATHS = "$(inherited) @executable_path/Frameworks @loader_path/Frameworks";
				PRODUCT_BUNDLE_IDENTIFIER = com.nodes.Nodes;
				PRODUCT_NAME = "$(TARGET_NAME)";
				SKIP_INSTALL = YES;
				SWIFT_OPTIMIZATION_LEVEL = "-Onone";
				SWIFT_VERSION = 2.3;
			};
			name = Debug;
		};
		30A036E71C9C12730073B505 /* Release */ = {
			isa = XCBuildConfiguration;
			buildSettings = {
				CLANG_ENABLE_MODULES = YES;
				DEFINES_MODULE = YES;
				DYLIB_COMPATIBILITY_VERSION = 1;
				DYLIB_CURRENT_VERSION = 1;
				DYLIB_INSTALL_NAME_BASE = "@rpath";
				FRAMEWORK_SEARCH_PATHS = (
					"$(inherited)",
					"$(PROJECT_DIR)/Carthage/Build/iOS",
				);
				INFOPLIST_FILE = Nodes/Info.plist;
				INSTALL_PATH = "$(LOCAL_LIBRARY_DIR)/Frameworks";
				LD_RUNPATH_SEARCH_PATHS = "$(inherited) @executable_path/Frameworks @loader_path/Frameworks";
				PRODUCT_BUNDLE_IDENTIFIER = com.nodes.Nodes;
				PRODUCT_NAME = "$(TARGET_NAME)";
				SKIP_INSTALL = YES;
				SWIFT_VERSION = 2.3;
			};
			name = Release;
		};
		30A036E91C9C12730073B505 /* Debug */ = {
			isa = XCBuildConfiguration;
			buildSettings = {
				INFOPLIST_FILE = NodesTests/Info.plist;
				LD_RUNPATH_SEARCH_PATHS = "$(inherited) @executable_path/Frameworks @loader_path/Frameworks";
				PRODUCT_BUNDLE_IDENTIFIER = com.nodes.NodesTests;
				PRODUCT_NAME = "$(TARGET_NAME)";
				SWIFT_VERSION = 2.3;
			};
			name = Debug;
		};
		30A036EA1C9C12730073B505 /* Release */ = {
			isa = XCBuildConfiguration;
			buildSettings = {
				INFOPLIST_FILE = NodesTests/Info.plist;
				LD_RUNPATH_SEARCH_PATHS = "$(inherited) @executable_path/Frameworks @loader_path/Frameworks";
				PRODUCT_BUNDLE_IDENTIFIER = com.nodes.NodesTests;
				PRODUCT_NAME = "$(TARGET_NAME)";
				SWIFT_VERSION = 2.3;
			};
			name = Release;
		};
/* End XCBuildConfiguration section */

/* Begin XCConfigurationList section */
		30A036CB1C9C12720073B505 /* Build configuration list for PBXProject "Nodes" */ = {
			isa = XCConfigurationList;
			buildConfigurations = (
				30A036E31C9C12730073B505 /* Debug */,
				30A036E41C9C12730073B505 /* Release */,
			);
			defaultConfigurationIsVisible = 0;
			defaultConfigurationName = Release;
		};
		30A036E51C9C12730073B505 /* Build configuration list for PBXNativeTarget "Nodes" */ = {
			isa = XCConfigurationList;
			buildConfigurations = (
				30A036E61C9C12730073B505 /* Debug */,
				30A036E71C9C12730073B505 /* Release */,
			);
			defaultConfigurationIsVisible = 0;
			defaultConfigurationName = Release;
		};
		30A036E81C9C12730073B505 /* Build configuration list for PBXNativeTarget "NodesTests" */ = {
			isa = XCConfigurationList;
			buildConfigurations = (
				30A036E91C9C12730073B505 /* Debug */,
				30A036EA1C9C12730073B505 /* Release */,
			);
			defaultConfigurationIsVisible = 0;
			defaultConfigurationName = Release;
		};
/* End XCConfigurationList section */
	};
	rootObject = 30A036C81C9C12720073B505 /* Project object */;
}
